
Microsoft Visual Studio Solution File, Format Version 12.00
# Visual Studio Version 17
VisualStudioVersion = 17.9.34728.123
MinimumVisualStudioVersion = 10.0.40219.1
Project("{9A19103F-16F7-4668-BE54-9A1E7A4F7556}") = "WebAPI", "WebAPI\WebAPI.csproj", "{F790B93E-A6A3-4104-8CE8-26C1121B0944}"
EndProject
Project("{9A19103F-16F7-4668-BE54-9A1E7A4F7556}") = "Infrastructure", "Infrastructure\Infrastructure.csproj", "{9CFE32F3-31B7-404F-92C9-1AD215CCF06A}"
EndProject
Project("{9A19103F-16F7-4668-BE54-9A1E7A4F7556}") = "Domain", "Domain\Domain.csproj", "{492E3623-813B-4B5C-A17F-AFDFFEC66CCB}"
EndProject
Project("{9A19103F-16F7-4668-BE54-9A1E7A4F7556}") = "Persistence", "Persistence\Persistence.csproj", "{1F4CBA72-F6E7-4362-A857-54B8BD5F6527}"
EndProject
Project("{FAE04EC0-301F-11D3-BF4B-00C04F79EFBC}") = "Application", "Application\Application.csproj", "{5AC22511-E08B-4BDA-B27F-F80192109D25}"
EndProject
Global
	GlobalSection(SolutionConfigurationPlatforms) = preSolution
		Debug|Any CPU = Debug|Any CPU
		Release|Any CPU = Release|Any CPU
	EndGlobalSection
	GlobalSection(ProjectConfigurationPlatforms) = postSolution
		{F790B93E-A6A3-4104-8CE8-26C1121B0944}.Debug|Any CPU.ActiveCfg = Debug|Any CPU
		{F790B93E-A6A3-4104-8CE8-26C1121B0944}.Debug|Any CPU.Build.0 = Debug|Any CPU
		{F790B93E-A6A3-4104-8CE8-26C1121B0944}.Release|Any CPU.ActiveCfg = Release|Any CPU
		{F790B93E-A6A3-4104-8CE8-26C1121B0944}.Release|Any CPU.Build.0 = Release|Any CPU
		{9CFE32F3-31B7-404F-92C9-1AD215CCF06A}.Debug|Any CPU.ActiveCfg = Debug|Any CPU
		{9CFE32F3-31B7-404F-92C9-1AD215CCF06A}.Debug|Any CPU.Build.0 = Debug|Any CPU
		{9CFE32F3-31B7-404F-92C9-1AD215CCF06A}.Release|Any CPU.ActiveCfg = Release|Any CPU
		{9CFE32F3-31B7-404F-92C9-1AD215CCF06A}.Release|Any CPU.Build.0 = Release|Any CPU
		{492E3623-813B-4B5C-A17F-AFDFFEC66CCB}.Debug|Any CPU.ActiveCfg = Debug|Any CPU
		{492E3623-813B-4B5C-A17F-AFDFFEC66CCB}.Debug|Any CPU.Build.0 = Debug|Any CPU
		{492E3623-813B-4B5C-A17F-AFDFFEC66CCB}.Release|Any CPU.ActiveCfg = Release|Any CPU
		{492E3623-813B-4B5C-A17F-AFDFFEC66CCB}.Release|Any CPU.Build.0 = Release|Any CPU
		{1F4CBA72-F6E7-4362-A857-54B8BD5F6527}.Debug|Any CPU.ActiveCfg = Debug|Any CPU
		{1F4CBA72-F6E7-4362-A857-54B8BD5F6527}.Debug|Any CPU.Build.0 = Debug|Any CPU
		{1F4CBA72-F6E7-4362-A857-54B8BD5F6527}.Release|Any CPU.ActiveCfg = Release|Any CPU
		{1F4CBA72-F6E7-4362-A857-54B8BD5F6527}.Release|Any CPU.Build.0 = Release|Any CPU
		{5AC22511-E08B-4BDA-B27F-F80192109D25}.Debug|Any CPU.ActiveCfg = Debug|Any CPU
		{5AC22511-E08B-4BDA-B27F-F80192109D25}.Debug|Any CPU.Build.0 = Debug|Any CPU
		{5AC22511-E08B-4BDA-B27F-F80192109D25}.Release|Any CPU.ActiveCfg = Release|Any CPU
		{5AC22511-E08B-4BDA-B27F-F80192109D25}.Release|Any CPU.Build.0 = Release|Any CPU
	EndGlobalSection
	GlobalSection(SolutionProperties) = preSolution
		HideSolutionNode = FALSE
	EndGlobalSection
	GlobalSection(ExtensibilityGlobals) = postSolution
		SolutionGuid = {CE673A6F-9991-425B-AEAE-491A527851D5}
	EndGlobalSection
EndGlobal
